<?xml version="1.0" encoding="UTF-8" standalone="yes" ?>
<CodeBlocks_project_file>
	<FileVersion major="1" minor="6" />
	<Project>
		<Option title="SDL_game" />
		<Option pch_mode="2" />
		<Option compiler="gcc" />
		<Build>
			<Target title="Debug">
				<Option output="bin/Debug/SDL_game" prefix_auto="1" extension_auto="1" />
				<Option object_output="obj/Debug/" />
				<Option type="1" />
				<Option compiler="gcc" />
				<Compiler>
					<Add option="-g" />
					<Add directory="./" />
				</Compiler>
			</Target>
			<Target title="Release">
				<Option output="bin/Release/SDL_game" prefix_auto="1" extension_auto="1" />
				<Option object_output="obj/Release/" />
				<Option type="1" />
				<Option compiler="gcc" />
				<Compiler>
					<Add option="-O2" />
					<Add directory="./" />
				</Compiler>
				<Linker>
					<Add option="-s" />
				</Linker>
			</Target>
		</Build>
		<Compiler>
			<Add option="-Wall" />
		</Compiler>
		<Unit filename="BackGround.cpp" />
		<Unit filename="BackGround.h" />
		<Unit filename="Bullet.cpp" />
		<Unit filename="Bullet.h" />
		<Unit filename="C:/Users/Minh Thuy/Downloads/textObject.h" />
		<Unit filename="Character.h" />
		<Unit filename="Chicken.cpp" />
		<Unit filename="Chicken.h" />
		<Unit filename="Collision.cpp" />
		<Unit filename="Collision.h" />
		<Unit filename="Egg.cpp" />
		<Unit filename="Egg.h" />
		<Unit filename="EventHandle.cpp" />
		<Unit filename="EventHandle.h" />
		<Unit filename="GameManager.cpp" />
		<Unit filename="GameManager.h" />
		<Unit filename="GameObject.h" />
		<Unit filename="Heart.cpp" />
		<Unit filename="Heart.h" />
		<Unit filename="InterfaceOject.h" />
		<Unit filename="Levels.cpp" />
		<Unit filename="Levels.h" />
		<Unit filename="Sound.cpp" />
		<Unit filename="Sound.h" />
		<Unit filename="SpaceShip.cpp" />
		<Unit filename="SpaceShip.h" />
		<Unit filename="TextObject.cpp" />
		<Unit filename="TextObject.h" />
		<Unit filename="TextureManager.cpp" />
		<Unit filename="TextureManager.h" />
		<Unit filename="Timer.cpp" />
		<Unit filename="Timer.h" />
		<Unit filename="Transform.h" />
		<Unit filename="Vector 2D.h" />
		<Unit filename="main.cpp" />
		<Extensions />
	</Project>
</CodeBlocks_project_file>
